
Microsoft Visual Studio Solution File, Format Version 12.00
# Visual Studio Version 17
VisualStudioVersion = 17.9.34701.34
MinimumVisualStudioVersion = 10.0.40219.1
Project("{9A19103F-16F7-4668-BE54-9A1E7A4F7556}") = "Minha_Parte_Biblio", "Minha_Parte_Biblio\Minha_Parte_Biblio.csproj", "{D7F07BBF-5DB0-46F0-BA14-966EBB228C74}"
EndProject
Global
	GlobalSection(SolutionConfigurationPlatforms) = preSolution
		Debug|Any CPU = Debug|Any CPU
		Release|Any CPU = Release|Any CPU
	EndGlobalSection
	GlobalSection(ProjectConfigurationPlatforms) = postSolution
		{D7F07BBF-5DB0-46F0-BA14-966EBB228C74}.Debug|Any CPU.ActiveCfg = Debug|Any CPU
		{D7F07BBF-5DB0-46F0-BA14-966EBB228C74}.Debug|Any CPU.Build.0 = Debug|Any CPU
		{D7F07BBF-5DB0-46F0-BA14-966EBB228C74}.Release|Any CPU.ActiveCfg = Release|Any CPU
		{D7F07BBF-5DB0-46F0-BA14-966EBB228C74}.Release|Any CPU.Build.0 = Release|Any CPU
	EndGlobalSection
	GlobalSection(SolutionProperties) = preSolution
		HideSolutionNode = FALSE
	EndGlobalSection
	GlobalSection(ExtensibilityGlobals) = postSolution
		SolutionGuid = {95B254BE-ED01-4D6A-A254-88644D9D4668}
	EndGlobalSection
EndGlobal
